
Microsoft Visual Studio Solution File, Format Version 12.00
# Visual Studio 15
VisualStudioVersion = 15.0.28307.438
MinimumVisualStudioVersion = 10.0.40219.1
Project("{FAE04EC0-301F-11D3-BF4B-00C04F79EFBC}") = "CsharpDemo", "CsharpDemo\CsharpDemo.csproj", "{245C033B-70B2-4CE6-BCBA-EDF8C0975D67}"
EndProject
Global
	GlobalSection(SolutionConfigurationPlatforms) = preSolution
		Debug|Any CPU = Debug|Any CPU
		Release|Any CPU = Release|Any CPU
	EndGlobalSection
	GlobalSection(ProjectConfigurationPlatforms) = postSolution
		{245C033B-70B2-4CE6-BCBA-EDF8C0975D67}.Debug|Any CPU.ActiveCfg = Debug|Any CPU
		{245C033B-70B2-4CE6-BCBA-EDF8C0975D67}.Debug|Any CPU.Build.0 = Debug|Any CPU
		{245C033B-70B2-4CE6-BCBA-EDF8C0975D67}.Release|Any CPU.ActiveCfg = Release|Any CPU
		{245C033B-70B2-4CE6-BCBA-EDF8C0975D67}.Release|Any CPU.Build.0 = Release|Any CPU
	EndGlobalSection
	GlobalSection(SolutionProperties) = preSolution
		HideSolutionNode = FALSE
	EndGlobalSection
	GlobalSection(ExtensibilityGlobals) = postSolution
		SolutionGuid = {D7D8EF28-73A3-4929-8030-87254A8ECC86}
	EndGlobalSection
EndGlobal
